
Microsoft Visual Studio Solution File, Format Version 12.00
# Visual Studio 15
VisualStudioVersion = 15.0.27703.2000
MinimumVisualStudioVersion = 10.0.40219.1
Project("{FAE04EC0-301F-11D3-BF4B-00C04F79EFBC}") = "CRUD.UserManagement.API", "CRUD.UserManagement.API\CRUD.UserManagment.API.csproj", "{AC14CEC3-6992-4428-9EE8-DC4A93F791E1}"
EndProject
Project("{FAE04EC0-301F-11D3-BF4B-00C04F79EFBC}") = "CRUD.UserManagement.Infrastructure", "CRUD.UserManagement.Infrastructure\CRUD.UserManagment.Infrastructure.csproj", "{A64EB748-4487-4E3F-BA39-A3AAEADA03A3}"
EndProject
Project("{FAE04EC0-301F-11D3-BF4B-00C04F79EFBC}") = "CRUD.UserManagement.Domain", "CRUD.UserManagement.Domain\CRUD.UserManagement.Domain.csproj", "{D4F0BBCF-8D28-427F-B774-112604EE9678}"
EndProject
Project("{FAE04EC0-301F-11D3-BF4B-00C04F79EFBC}") = "CRUD.UserManagement.Services", "CRUD.UserManagement.Services\CRUD.UserManagement.Services.csproj", "{335C151D-349A-49AD-A54A-B8875C63D635}"
EndProject
Global
	GlobalSection(SolutionConfigurationPlatforms) = preSolution
		Debug|Any CPU = Debug|Any CPU
		Release|Any CPU = Release|Any CPU
	EndGlobalSection
	GlobalSection(ProjectConfigurationPlatforms) = postSolution
		{AC14CEC3-6992-4428-9EE8-DC4A93F791E1}.Debug|Any CPU.ActiveCfg = Debug|Any CPU
		{AC14CEC3-6992-4428-9EE8-DC4A93F791E1}.Debug|Any CPU.Build.0 = Debug|Any CPU
		{AC14CEC3-6992-4428-9EE8-DC4A93F791E1}.Release|Any CPU.ActiveCfg = Release|Any CPU
		{AC14CEC3-6992-4428-9EE8-DC4A93F791E1}.Release|Any CPU.Build.0 = Release|Any CPU
		{A64EB748-4487-4E3F-BA39-A3AAEADA03A3}.Debug|Any CPU.ActiveCfg = Debug|Any CPU
		{A64EB748-4487-4E3F-BA39-A3AAEADA03A3}.Debug|Any CPU.Build.0 = Debug|Any CPU
		{A64EB748-4487-4E3F-BA39-A3AAEADA03A3}.Release|Any CPU.ActiveCfg = Release|Any CPU
		{A64EB748-4487-4E3F-BA39-A3AAEADA03A3}.Release|Any CPU.Build.0 = Release|Any CPU
		{D4F0BBCF-8D28-427F-B774-112604EE9678}.Debug|Any CPU.ActiveCfg = Debug|Any CPU
		{D4F0BBCF-8D28-427F-B774-112604EE9678}.Debug|Any CPU.Build.0 = Debug|Any CPU
		{D4F0BBCF-8D28-427F-B774-112604EE9678}.Release|Any CPU.ActiveCfg = Release|Any CPU
		{D4F0BBCF-8D28-427F-B774-112604EE9678}.Release|Any CPU.Build.0 = Release|Any CPU
		{335C151D-349A-49AD-A54A-B8875C63D635}.Debug|Any CPU.ActiveCfg = Debug|Any CPU
		{335C151D-349A-49AD-A54A-B8875C63D635}.Debug|Any CPU.Build.0 = Debug|Any CPU
		{335C151D-349A-49AD-A54A-B8875C63D635}.Release|Any CPU.ActiveCfg = Release|Any CPU
		{335C151D-349A-49AD-A54A-B8875C63D635}.Release|Any CPU.Build.0 = Release|Any CPU
	EndGlobalSection
	GlobalSection(SolutionProperties) = preSolution
		HideSolutionNode = FALSE
	EndGlobalSection
	GlobalSection(ExtensibilityGlobals) = postSolution
		SolutionGuid = {07BAE621-F3A0-4926-B36C-9F36D4224707}
	EndGlobalSection
EndGlobal
